// !$*UTF8*$!
{
	archiveVersion = 1;
	classes = {
	};
	objectVersion = 55;
	objects = {

/* Begin PBXBuildFile section */
		5E90AAD427D0AE7800C8F762 /* AppDelegate.swift in Sources */ = {isa = PBXBuildFile; fileRef = 5E90AAD327D0AE7800C8F762 /* AppDelegate.swift */; };
		5E90AAD627D0AE7800C8F762 /* SceneDelegate.swift in Sources */ = {isa = PBXBuildFile; fileRef = 5E90AAD527D0AE7800C8F762 /* SceneDelegate.swift */; };
		5E90AAD827D0AE7800C8F762 /* ViewController.swift in Sources */ = {isa = PBXBuildFile; fileRef = 5E90AAD727D0AE7800C8F762 /* ViewController.swift */; };
		5E90AADB27D0AE7800C8F762 /* Main.storyboard in Resources */ = {isa = PBXBuildFile; fileRef = 5E90AAD927D0AE7800C8F762 /* Main.storyboard */; };
		5E90AADD27D0AE7900C8F762 /* Assets.xcassets in Resources */ = {isa = PBXBuildFile; fileRef = 5E90AADC27D0AE7900C8F762 /* Assets.xcassets */; };
		5E90AAE027D0AE7900C8F762 /* LaunchScreen.storyboard in Resources */ = {isa = PBXBuildFile; fileRef = 5E90AADE27D0AE7900C8F762 /* LaunchScreen.storyboard */; };
		5E90AB0227D0B50F00C8F762 /* PomodoroTimerTests.swift in Sources */ = {isa = PBXBuildFile; fileRef = 5E90AB0127D0B50F00C8F762 /* PomodoroTimerTests.swift */; };
/* End PBXBuildFile section */

/* Begin PBXContainerItemProxy section */
		5E90AAFC27D0B31B00C8F762 /* PBXContainerItemProxy */ = {
			isa = PBXContainerItemProxy;
			containerPortal = 5E90AAC827D0AE7700C8F762 /* Project object */;
			proxyType = 1;
			remoteGlobalIDString = 5E90AACF27D0AE7800C8F762;
			remoteInfo = PomodoroClock;
		};
/* End PBXContainerItemProxy section */

/* Begin PBXFileReference section */
		5E90AAD027D0AE7800C8F762 /* PomodoroClock.app */ = {isa = PBXFileReference; explicitFileType = wrapper.application; includeInIndex = 0; path = PomodoroClock.app; sourceTree = BUILT_PRODUCTS_DIR; };
		5E90AAD327D0AE7800C8F762 /* AppDelegate.swift */ = {isa = PBXFileReference; lastKnownFileType = sourcecode.swift; path = AppDelegate.swift; sourceTree = "<group>"; };
		5E90AAD527D0AE7800C8F762 /* SceneDelegate.swift */ = {isa = PBXFileReference; lastKnownFileType = sourcecode.swift; path = SceneDelegate.swift; sourceTree = "<group>"; };
		5E90AAD727D0AE7800C8F762 /* ViewController.swift */ = {isa = PBXFileReference; lastKnownFileType = sourcecode.swift; path = ViewController.swift; sourceTree = "<group>"; };
		5E90AADA27D0AE7800C8F762 /* Base */ = {isa = PBXFileReference; lastKnownFileType = file.storyboard; name = Base; path = Base.lproj/Main.storyboard; sourceTree = "<group>"; };
		5E90AADC27D0AE7900C8F762 /* Assets.xcassets */ = {isa = PBXFileReference; lastKnownFileType = folder.assetcatalog; path = Assets.xcassets; sourceTree = "<group>"; };
		5E90AADF27D0AE7900C8F762 /* Base */ = {isa = PBXFileReference; lastKnownFileType = file.storyboard; name = Base; path = Base.lproj/LaunchScreen.storyboard; sourceTree = "<group>"; };
		5E90AAE127D0AE7900C8F762 /* Info.plist */ = {isa = PBXFileReference; lastKnownFileType = text.plist.xml; path = Info.plist; sourceTree = "<group>"; };
		5E90AAF827D0B31B00C8F762 /* PomodoroClockTests.xctest */ = {isa = PBXFileReference; explicitFileType = wrapper.cfbundle; includeInIndex = 0; path = PomodoroClockTests.xctest; sourceTree = BUILT_PRODUCTS_DIR; };
		5E90AB0127D0B50F00C8F762 /* PomodoroTimerTests.swift */ = {isa = PBXFileReference; lastKnownFileType = sourcecode.swift; path = PomodoroTimerTests.swift; sourceTree = "<group>"; };
/* End PBXFileReference section */

/* Begin PBXFrameworksBuildPhase section */
		5E90AACD27D0AE7800C8F762 /* Frameworks */ = {
			isa = PBXFrameworksBuildPhase;
			buildActionMask = 2147483647;
			files = (
			);
			runOnlyForDeploymentPostprocessing = 0;
		};
		5E90AAF527D0B31B00C8F762 /* Frameworks */ = {
			isa = PBXFrameworksBuildPhase;
			buildActionMask = 2147483647;
			files = (
			);
			runOnlyForDeploymentPostprocessing = 0;
		};
/* End PBXFrameworksBuildPhase section */

/* Begin PBXGroup section */
		5E90AAC727D0AE7700C8F762 = {
			isa = PBXGroup;
			children = (
				5E90AAD227D0AE7800C8F762 /* PomodoroClock */,
				5E90AAF927D0B31B00C8F762 /* PomodoroClockTests */,
				5E90AAD127D0AE7800C8F762 /* Products */,
			);
			sourceTree = "<group>";
		};
		5E90AAD127D0AE7800C8F762 /* Products */ = {
			isa = PBXGroup;
			children = (
				5E90AAD027D0AE7800C8F762 /* PomodoroClock.app */,
				5E90AAF827D0B31B00C8F762 /* PomodoroClockTests.xctest */,
			);
			name = Products;
			sourceTree = "<group>";
		};
		5E90AAD227D0AE7800C8F762 /* PomodoroClock */ = {
			isa = PBXGroup;
			children = (
				5E90AAD327D0AE7800C8F762 /* AppDelegate.swift */,
				5E90AAD527D0AE7800C8F762 /* SceneDelegate.swift */,
				5E90AAD727D0AE7800C8F762 /* ViewController.swift */,
				5E90AAD927D0AE7800C8F762 /* Main.storyboard */,
				5E90AADC27D0AE7900C8F762 /* Assets.xcassets */,
				5E90AADE27D0AE7900C8F762 /* LaunchScreen.storyboard */,
				5E90AAE127D0AE7900C8F762 /* Info.plist */,
			);
			path = PomodoroClock;
			sourceTree = "<group>";
		};
		5E90AAF927D0B31B00C8F762 /* PomodoroClockTests */ = {
			isa = PBXGroup;
			children = (
				5E90AB0127D0B50F00C8F762 /* PomodoroTimerTests.swift */,
			);
			path = PomodoroClockTests;
			sourceTree = "<group>";
		};
/* End PBXGroup section */

/* Begin PBXNativeTarget section */
		5E90AACF27D0AE7800C8F762 /* PomodoroClock */ = {
			isa = PBXNativeTarget;
			buildConfigurationList = 5E90AAE427D0AE7900C8F762 /* Build configuration list for PBXNativeTarget "PomodoroClock" */;
			buildPhases = (
				5E90AACC27D0AE7800C8F762 /* Sources */,
				5E90AACD27D0AE7800C8F762 /* Frameworks */,
				5E90AACE27D0AE7800C8F762 /* Resources */,
			);
			buildRules = (
			);
			dependencies = (
			);
			name = PomodoroClock;
			productName = PomodoroClock;
			productReference = 5E90AAD027D0AE7800C8F762 /* PomodoroClock.app */;
			productType = "com.apple.product-type.application";
		};
		5E90AAF727D0B31B00C8F762 /* PomodoroClockTests */ = {
			isa = PBXNativeTarget;
			buildConfigurationList = 5E90AAFE27D0B31B00C8F762 /* Build configuration list for PBXNativeTarget "PomodoroClockTests" */;
			buildPhases = (
				5E90AAF427D0B31B00C8F762 /* Sources */,
				5E90AAF527D0B31B00C8F762 /* Frameworks */,
				5E90AAF627D0B31B00C8F762 /* Resources */,
			);
			buildRules = (
			);
			dependencies = (
				5E90AAFD27D0B31B00C8F762 /* PBXTargetDependency */,
			);
			name = PomodoroClockTests;
			productName = PomodoroClockTests;
			productReference = 5E90AAF827D0B31B00C8F762 /* PomodoroClockTests.xctest */;
			productType = "com.apple.product-type.bundle.unit-test";
		};
/* End PBXNativeTarget section */

/* Begin PBXProject section */
		5E90AAC827D0AE7700C8F762 /* Project object */ = {
			isa = PBXProject;
			attributes = {
				BuildIndependentTargetsInParallel = 1;
				LastSwiftUpdateCheck = 1320;
				LastUpgradeCheck = 1320;
				TargetAttributes = {
					5E90AACF27D0AE7800C8F762 = {
						CreatedOnToolsVersion = 13.2.1;
					};
					5E90AAF727D0B31B00C8F762 = {
						CreatedOnToolsVersion = 13.2.1;
						LastSwiftMigration = 1320;
						TestTargetID = 5E90AACF27D0AE7800C8F762;
					};
				};
			};
			buildConfigurationList = 5E90AACB27D0AE7700C8F762 /* Build configuration list for PBXProject "PomodoroClock" */;
			compatibilityVersion = "Xcode 13.0";
			developmentRegion = en;
			hasScannedForEncodings = 0;
			knownRegions = (
				en,
				Base,
			);
			mainGroup = 5E90AAC727D0AE7700C8F762;
			productRefGroup = 5E90AAD127D0AE7800C8F762 /* Products */;
			projectDirPath = "";
			projectRoot = "";
			targets = (
				5E90AACF27D0AE7800C8F762 /* PomodoroClock */,
				5E90AAF727D0B31B00C8F762 /* PomodoroClockTests */,
			);
		};
/* End PBXProject section */

/* Begin PBXResourcesBuildPhase section */
		5E90AACE27D0AE7800C8F762 /* Resources */ = {
			isa = PBXResourcesBuildPhase;
			buildActionMask = 2147483647;
			files = (
				5E90AAE027D0AE7900C8F762 /* LaunchScreen.storyboard in Resources */,
				5E90AADD27D0AE7900C8F762 /* Assets.xcassets in Resources */,
				5E90AADB27D0AE7800C8F762 /* Main.storyboard in Resources */,
			);
			runOnlyForDeploymentPostprocessing = 0;
		};
		5E90AAF627D0B31B00C8F762 /* Resources */ = {
			isa = PBXResourcesBuildPhase;
			buildActionMask = 2147483647;
			files = (
			);
			runOnlyForDeploymentPostprocessing = 0;
		};
/* End PBXResourcesBuildPhase section */

/* Begin PBXSourcesBuildPhase section */
		5E90AACC27D0AE7800C8F762 /* Sources */ = {
			isa = PBXSourcesBuildPhase;
			buildActionMask = 2147483647;
			files = (
				5E90AAD827D0AE7800C8F762 /* ViewController.swift in Sources */,
				5E90AAD427D0AE7800C8F762 /* AppDelegate.swift in Sources */,
				5E90AAD627D0AE7800C8F762 /* SceneDelegate.swift in Sources */,
			);
			runOnlyForDeploymentPostprocessing = 0;
		};
		5E90AAF427D0B31B00C8F762 /* Sources */ = {
			isa = PBXSourcesBuildPhase;
			buildActionMask = 2147483647;
			files = (
				5E90AB0227D0B50F00C8F762 /* PomodoroTimerTests.swift in Sources */,
			);
			runOnlyForDeploymentPostprocessing = 0;
		};
/* End PBXSourcesBuildPhase section */

/* Begin PBXTargetDependency section */
		5E90AAFD27D0B31B00C8F762 /* PBXTargetDependency */ = {
			isa = PBXTargetDependency;
			target = 5E90AACF27D0AE7800C8F762 /* PomodoroClock */;
			targetProxy = 5E90AAFC27D0B31B00C8F762 /* PBXContainerItemProxy */;
		};
/* End PBXTargetDependency section */

/* Begin PBXVariantGroup section */
		5E90AAD927D0AE7800C8F762 /* Main.storyboard */ = {
			isa = PBXVariantGroup;
			children = (
				5E90AADA27D0AE7800C8F762 /* Base */,
			);
			name = Main.storyboard;
			sourceTree = "<group>";
		};
		5E90AADE27D0AE7900C8F762 /* LaunchScreen.storyboard */ = {
			isa = PBXVariantGroup;
			children = (
				5E90AADF27D0AE7900C8F762 /* Base */,
			);
			name = LaunchScreen.storyboard;
			sourceTree = "<group>";
		};
/* End PBXVariantGroup section */

/* Begin XCBuildConfiguration section */
		5E90AAE227D0AE7900C8F762 /* Debug */ = {
			isa = XCBuildConfiguration;
			buildSettings = {
				ALWAYS_SEARCH_USER_PATHS = NO;
				CLANG_ANALYZER_NONNULL = YES;
				CLANG_ANALYZER_NUMBER_OBJECT_CONVERSION = YES_AGGRESSIVE;
				CLANG_CXX_LANGUAGE_STANDARD = "gnu++17";
				CLANG_CXX_LIBRARY = "libc++";
				CLANG_ENABLE_MODULES = YES;
				CLANG_ENABLE_OBJC_ARC = YES;
				CLANG_ENABLE_OBJC_WEAK = YES;
				CLANG_WARN_BLOCK_CAPTURE_AUTORELEASING = YES;
				CLANG_WARN_BOOL_CONVERSION = YES;
				CLANG_WARN_COMMA = YES;
				CLANG_WARN_CONSTANT_CONVERSION = YES;
				CLANG_WARN_DEPRECATED_OBJC_IMPLEMENTATIONS = YES;
				CLANG_WARN_DIRECT_OBJC_ISA_USAGE = YES_ERROR;
				CLANG_WARN_DOCUMENTATION_COMMENTS = YES;
				CLANG_WARN_EMPTY_BODY = YES;
				CLANG_WARN_ENUM_CONVERSION = YES;
				CLANG_WARN_INFINITE_RECURSION = YES;
				CLANG_WARN_INT_CONVERSION = YES;
				CLANG_WARN_NON_LITERAL_NULL_CONVERSION = YES;
				CLANG_WARN_OBJC_IMPLICIT_RETAIN_SELF = YES;
				CLANG_WARN_OBJC_LITERAL_CONVERSION = YES;
				CLANG_WARN_OBJC_ROOT_CLASS = YES_ERROR;
				CLANG_WARN_QUOTED_INCLUDE_IN_FRAMEWORK_HEADER = YES;
				CLANG_WARN_RANGE_LOOP_ANALYSIS = YES;
				CLANG_WARN_STRICT_PROTOTYPES = YES;
				CLANG_WARN_SUSPICIOUS_MOVE = YES;
				CLANG_WARN_UNGUARDED_AVAILABILITY = YES_AGGRESSIVE;
				CLANG_WARN_UNREACHABLE_CODE = YES;
				CLANG_WARN__DUPLICATE_METHOD_MATCH = YES;
				COPY_PHASE_STRIP = NO;
				DEBUG_INFORMATION_FORMAT = dwarf;
				ENABLE_STRICT_OBJC_MSGSEND = YES;
				ENABLE_TESTABILITY = YES;
				GCC_C_LANGUAGE_STANDARD = gnu11;
				GCC_DYNAMIC_NO_PIC = NO;
				GCC_NO_COMMON_BLOCKS = YES;
				GCC_OPTIMIZATION_LEVEL = 0;
				GCC_PREPROCESSOR_DEFINITIONS = (
					"DEBUG=1",
					"$(inherited)",
				);
				GCC_WARN_64_TO_32_BIT_CONVERSION = YES;
				GCC_WARN_ABOUT_RETURN_TYPE = YES_ERROR;
				GCC_WARN_UNDECLARED_SELECTOR = YES;
				GCC_WARN_UNINITIALIZED_AUTOS = YES_AGGRESSIVE;
				GCC_WARN_UNUSED_FUNCTION = YES;
				GCC_WARN_UNUSED_VARIABLE = YES;
				IPHONEOS_DEPLOYMENT_TARGET = 15.2;
				MTL_ENABLE_DEBUG_INFO = INCLUDE_SOURCE;
				MTL_FAST_MATH = YES;
				ONLY_ACTIVE_ARCH = YES;
				SDKROOT = iphoneos;
				SWIFT_ACTIVE_COMPILATION_CONDITIONS = DEBUG;
				SWIFT_OPTIMIZATION_LEVEL = "-Onone";
			};
			name = Debug;
		};
		5E90AAE327D0AE7900C8F762 /* Release */ = {
			isa = XCBuildConfiguration;
			buildSettings = {
				ALWAYS_SEARCH_USER_PATHS = NO;
				CLANG_ANALYZER_NONNULL = YES;
				CLANG_ANALYZER_NUMBER_OBJECT_CONVERSION = YES_AGGRESSIVE;
				CLANG_CXX_LANGUAGE_STANDARD = "gnu++17";
				CLANG_CXX_LIBRARY = "libc++";
				CLANG_ENABLE_MODULES = YES;
				CLANG_ENABLE_OBJC_ARC = YES;
				CLANG_ENABLE_OBJC_WEAK = YES;
				CLANG_WARN_BLOCK_CAPTURE_AUTORELEASING = YES;
				CLANG_WARN_BOOL_CONVERSION = YES;
				CLANG_WARN_COMMA = YES;
				CLANG_WARN_CONSTANT_CONVERSION = YES;
				CLANG_WARN_DEPRECATED_OBJC_IMPLEMENTATIONS = YES;
				CLANG_WARN_DIRECT_OBJC_ISA_USAGE = YES_ERROR;
				CLANG_WARN_DOCUMENTATION_COMMENTS = YES;
				CLANG_WARN_EMPTY_BODY = YES;
				CLANG_WARN_ENUM_CONVERSION = YES;
				CLANG_WARN_INFINITE_RECURSION = YES;
				CLANG_WARN_INT_CONVERSION = YES;
				CLANG_WARN_NON_LITERAL_NULL_CONVERSION = YES;
				CLANG_WARN_OBJC_IMPLICIT_RETAIN_SELF = YES;
				CLANG_WARN_OBJC_LITERAL_CONVERSION = YES;
				CLANG_WARN_OBJC_ROOT_CLASS = YES_ERROR;
				CLANG_WARN_QUOTED_INCLUDE_IN_FRAMEWORK_HEADER = YES;
				CLANG_WARN_RANGE_LOOP_ANALYSIS = YES;
				CLANG_WARN_STRICT_PROTOTYPES = YES;
				CLANG_WARN_SUSPICIOUS_MOVE = YES;
				CLANG_WARN_UNGUARDED_AVAILABILITY = YES_AGGRESSIVE;
				CLANG_WARN_UNREACHABLE_CODE = YES;
				CLANG_WARN__DUPLICATE_METHOD_MATCH = YES;
				COPY_PHASE_STRIP = NO;
				DEBUG_INFORMATION_FORMAT = "dwarf-with-dsym";
				ENABLE_NS_ASSERTIONS = NO;
				ENABLE_STRICT_OBJC_MSGSEND = YES;
				GCC_C_LANGUAGE_STANDARD = gnu11;
				GCC_NO_COMMON_BLOCKS = YES;
				GCC_WARN_64_TO_32_BIT_CONVERSION = YES;
				GCC_WARN_ABOUT_RETURN_TYPE = YES_ERROR;
				GCC_WARN_UNDECLARED_SELECTOR = YES;
				GCC_WARN_UNINITIALIZED_AUTOS = YES_AGGRESSIVE;
				GCC_WARN_UNUSED_FUNCTION = YES;
				GCC_WARN_UNUSED_VARIABLE = YES;
				IPHONEOS_DEPLOYMENT_TARGET = 15.2;
				MTL_ENABLE_DEBUG_INFO = NO;
				MTL_FAST_MATH = YES;
				SDKROOT = iphoneos;
				SWIFT_COMPILATION_MODE = wholemodule;
				SWIFT_OPTIMIZATION_LEVEL = "-O";
				VALIDATE_PRODUCT = YES;
			};
			name = Release;
		};
		5E90AAE527D0AE7900C8F762 /* Debug */ = {
			isa = XCBuildConfiguration;
			buildSettings = {
				ASSETCATALOG_COMPILER_APPICON_NAME = AppIcon;
				ASSETCATALOG_COMPILER_GLOBAL_ACCENT_COLOR_NAME = AccentColor;
				CODE_SIGN_STYLE = Automatic;
				CURRENT_PROJECT_VERSION = 1;
				DEVELOPMENT_TEAM = 75KSF446RQ;
				GENERATE_INFOPLIST_FILE = YES;
				INFOPLIST_FILE = PomodoroClock/Info.plist;
				INFOPLIST_KEY_UIApplicationSupportsIndirectInputEvents = YES;
				INFOPLIST_KEY_UILaunchStoryboardName = LaunchScreen;
				INFOPLIST_KEY_UIMainStoryboardFile = Main;
				INFOPLIST_KEY_UISupportedInterfaceOrientations_iPad = "UIInterfaceOrientationPortrait UIInterfaceOrientationPortraitUpsideDown UIInterfaceOrientationLandscapeLeft UIInterfaceOrientationLandscapeRight";
				INFOPLIST_KEY_UISupportedInterfaceOrientations_iPhone = "UIInterfaceOrientationPortrait UIInterfaceOrientationLandscapeLeft UIInterfaceOrientationLandscapeRight";
				LD_RUNPATH_SEARCH_PATHS = (
					"$(inherited)",
					"@executable_path/Frameworks",
				);
				MARKETING_VERSION = 1.0;
				PRODUCT_BUNDLE_IDENTIFIER = "com.albert-alt.PomodoroClock";
				PRODUCT_NAME = "$(TARGET_NAME)";
				SWIFT_EMIT_LOC_STRINGS = YES;
				SWIFT_VERSION = 5.0;
				TARGETED_DEVICE_FAMILY = "1,2";
			};
			name = Debug;
		};
		5E90AAE627D0AE7900C8F762 /* Release */ = {
			isa = XCBuildConfiguration;
			buildSettings = {
				ASSETCATALOG_COMPILER_APPICON_NAME = AppIcon;
				ASSETCATALOG_COMPILER_GLOBAL_ACCENT_COLOR_NAME = AccentColor;
				CODE_SIGN_STYLE = Automatic;
				CURRENT_PROJECT_VERSION = 1;
				DEVELOPMENT_TEAM = 75KSF446RQ;
				GENERATE_INFOPLIST_FILE = YES;
				INFOPLIST_FILE = PomodoroClock/Info.plist;
				INFOPLIST_KEY_UIApplicationSupportsIndirectInputEvents = YES;
				INFOPLIST_KEY_UILaunchStoryboardName = LaunchScreen;
				INFOPLIST_KEY_UIMainStoryboardFile = Main;
				INFOPLIST_KEY_UISupportedInterfaceOrientations_iPad = "UIInterfaceOrientationPortrait UIInterfaceOrientationPortraitUpsideDown UIInterfaceOrientationLandscapeLeft UIInterfaceOrientationLandscapeRight";
				INFOPLIST_KEY_UISupportedInterfaceOrientations_iPhone = "UIInterfaceOrientationPortrait UIInterfaceOrientationLandscapeLeft UIInterfaceOrientationLandscapeRight";
				LD_RUNPATH_SEARCH_PATHS = (
					"$(inherited)",
					"@executable_path/Frameworks",
				);
				MARKETING_VERSION = 1.0;
				PRODUCT_BUNDLE_IDENTIFIER = "com.albert-alt.PomodoroClock";
				PRODUCT_NAME = "$(TARGET_NAME)";
				SWIFT_EMIT_LOC_STRINGS = YES;
				SWIFT_VERSION = 5.0;
				TARGETED_DEVICE_FAMILY = "1,2";
			};
			name = Release;
		};
		5E90AAFF27D0B31B00C8F762 /* Debug */ = {
			isa = XCBuildConfiguration;
			buildSettings = {
				BUNDLE_LOADER = "$(TEST_HOST)";
				CLANG_ENABLE_MODULES = YES;
				CODE_SIGN_STYLE = Automatic;
				CURRENT_PROJECT_VERSION = 1;
				DEVELOPMENT_TEAM = 75KSF446RQ;
				GENERATE_INFOPLIST_FILE = YES;
				LD_RUNPATH_SEARCH_PATHS = (
					"$(inherited)",
					"@executable_path/Frameworks",
					"@loader_path/Frameworks",
				);
				MARKETING_VERSION = 1.0;
				PRODUCT_BUNDLE_IDENTIFIER = "com.albert-alt.PomodoroClockTests";
				PRODUCT_NAME = "$(TARGET_NAME)";
				SWIFT_EMIT_LOC_STRINGS = NO;
				SWIFT_OPTIMIZATION_LEVEL = "-Onone";
				SWIFT_VERSION = 5.0;
				TARGETED_DEVICE_FAMILY = "1,2";
				TEST_HOST = "$(BUILT_PRODUCTS_DIR)/PomodoroClock.app/PomodoroClock";
			};
			name = Debug;
		};
		5E90AB0027D0B31B00C8F762 /* Release */ = {
			isa = XCBuildConfiguration;
			buildSettings = {
				BUNDLE_LOADER = "$(TEST_HOST)";
				CLANG_ENABLE_MODULES = YES;
				CODE_SIGN_STYLE = Automatic;
				CURRENT_PROJECT_VERSION = 1;
				DEVELOPMENT_TEAM = 75KSF446RQ;
				GENERATE_INFOPLIST_FILE = YES;
				LD_RUNPATH_SEARCH_PATHS = (
					"$(inherited)",
					"@executable_path/Frameworks",
					"@loader_path/Frameworks",
				);
				MARKETING_VERSION = 1.0;
				PRODUCT_BUNDLE_IDENTIFIER = "com.albert-alt.PomodoroClockTests";
				PRODUCT_NAME = "$(TARGET_NAME)";
				SWIFT_EMIT_LOC_STRINGS = NO;
				SWIFT_VERSION = 5.0;
				TARGETED_DEVICE_FAMILY = "1,2";
				TEST_HOST = "$(BUILT_PRODUCTS_DIR)/PomodoroClock.app/PomodoroClock";
			};
			name = Release;
		};
/* End XCBuildConfiguration section */

/* Begin XCConfigurationList section */
		5E90AACB27D0AE7700C8F762 /* Build configuration list for PBXProject "PomodoroClock" */ = {
			isa = XCConfigurationList;
			buildConfigurations = (
				5E90AAE227D0AE7900C8F762 /* Debug */,
				5E90AAE327D0AE7900C8F762 /* Release */,
			);
			defaultConfigurationIsVisible = 0;
			defaultConfigurationName = Release;
		};
		5E90AAE427D0AE7900C8F762 /* Build configuration list for PBXNativeTarget "PomodoroClock" */ = {
			isa = XCConfigurationList;
			buildConfigurations = (
				5E90AAE527D0AE7900C8F762 /* Debug */,
				5E90AAE627D0AE7900C8F762 /* Release */,
			);
			defaultConfigurationIsVisible = 0;
			defaultConfigurationName = Release;
		};
		5E90AAFE27D0B31B00C8F762 /* Build configuration list for PBXNativeTarget "PomodoroClockTests" */ = {
			isa = XCConfigurationList;
			buildConfigurations = (
				5E90AAFF27D0B31B00C8F762 /* Debug */,
				5E90AB0027D0B31B00C8F762 /* Release */,
			);
			defaultConfigurationIsVisible = 0;
			defaultConfigurationName = Release;
		};
/* End XCConfigurationList section */
	};
	rootObject = 5E90AAC827D0AE7700C8F762 /* Project object */;
}
